Microsoft Visual Studio Solution File, Format Version 12.00
# Visual Studio 15
VisualStudioVersion = 15.0.27004.2005
MinimumVisualStudioVersion = 10.0.40219.1
Project("{9A19103F-16F7-4668-BE54-9A1E7A4F7556}") = "Plugin.Logs.Abstraction", "src\Plugin.Logs.Abstraction\Plugin.Logs.Abstraction.csproj", "{3987C3AE-DD46-4692-BE1B-F376E210EF95}"
EndProject
Project("{FAE04EC0-301F-11D3-BF4B-00C04F79EFBC}") = "Plugin.Logs.iOSUnified", "src\Plugin.Logs.iOSUnified\Plugin.Logs.iOSUnified.csproj", "{17839C73-F6C9-4AED-9534-FDF8D07673F7}"
EndProject
Project("{FAE04EC0-301F-11D3-BF4B-00C04F79EFBC}") = "Plugin.Logs.UWP", "src\Plugin.Logs.UWP\Plugin.Logs.UWP.csproj", "{366D5E5B-CD9A-46C7-8E75-6541C3F6358F}"
EndProject
Project("{FAE04EC0-301F-11D3-BF4B-00C04F79EFBC}") = "Plugin.Logs.Droid", "src\Plugin.Logs.Droid\Plugin.Logs.Droid.csproj", "{D06C7166-9838-4DCD-B84A-DCA40DAD70D4}"
EndProject
Project("{9A19103F-16F7-4668-BE54-9A1E7A4F7556}") = "Plugin.Logs", "src\Plugin.Logs\Plugin.Logs.csproj", "{34B1A27E-B294-4B1C-AD1E-116610E64CFB}"
EndProject
Global
	GlobalSection(SolutionConfigurationPlatforms) = preSolution
		Debug|Any CPU = Debug|Any CPU
		Debug|ARM = Debug|ARM
		Debug|iPhone = Debug|iPhone
		Debug|iPhoneSimulator = Debug|iPhoneSimulator
		Debug|x64 = Debug|x64
		Debug|x86 = Debug|x86
		Release|Any CPU = Release|Any CPU
		Release|ARM = Release|ARM
		Release|iPhone = Release|iPhone
		Release|iPhoneSimulator = Release|iPhoneSimulator
		Release|x64 = Release|x64
		Release|x86 = Release|x86
	EndGlobalSection
	GlobalSection(ProjectConfigurationPlatforms) = postSolution
		{3987C3AE-DD46-4692-BE1B-F376E210EF95}.Debug|Any CPU.ActiveCfg = Debug|Any CPU
		{3987C3AE-DD46-4692-BE1B-F376E210EF95}.Debug|Any CPU.Build.0 = Debug|Any CPU
		{3987C3AE-DD46-4692-BE1B-F376E210EF95}.Debug|ARM.ActiveCfg = Debug|Any CPU
		{3987C3AE-DD46-4692-BE1B-F376E210EF95}.Debug|ARM.Build.0 = Debug|Any CPU
		{3987C3AE-DD46-4692-BE1B-F376E210EF95}.Debug|iPhone.ActiveCfg = Debug|Any CPU
		{3987C3AE-DD46-4692-BE1B-F376E210EF95}.Debug|iPhone.Build.0 = Debug|Any CPU
		{3987C3AE-DD46-4692-BE1B-F376E210EF95}.Debug|iPhoneSimulator.ActiveCfg = Debug|Any CPU
		{3987C3AE-DD46-4692-BE1B-F376E210EF95}.Debug|iPhoneSimulator.Build.0 = Debug|Any CPU
		{3987C3AE-DD46-4692-BE1B-F376E210EF95}.Debug|x64.ActiveCfg = Debug|Any CPU
		{3987C3AE-DD46-4692-BE1B-F376E210EF95}.Debug|x64.Build.0 = Debug|Any CPU
		{3987C3AE-DD46-4692-BE1B-F376E210EF95}.Debug|x86.ActiveCfg = Debug|Any CPU
		{3987C3AE-DD46-4692-BE1B-F376E210EF95}.Debug|x86.Build.0 = Debug|Any CPU
		{3987C3AE-DD46-4692-BE1B-F376E210EF95}.Release|Any CPU.ActiveCfg = Release|Any CPU
		{3987C3AE-DD46-4692-BE1B-F376E210EF95}.Release|Any CPU.Build.0 = Release|Any CPU
		{3987C3AE-DD46-4692-BE1B-F376E210EF95}.Release|ARM.ActiveCfg = Release|Any CPU
		{3987C3AE-DD46-4692-BE1B-F376E210EF95}.Release|ARM.Build.0 = Release|Any CPU
		{3987C3AE-DD46-4692-BE1B-F376E210EF95}.Release|iPhone.ActiveCfg = Release|Any CPU
		{3987C3AE-DD46-4692-BE1B-F376E210EF95}.Release|iPhone.Build.0 = Release|Any CPU
		{3987C3AE-DD46-4692-BE1B-F376E210EF95}.Release|iPhoneSimulator.ActiveCfg = Release|Any CPU
		{3987C3AE-DD46-4692-BE1B-F376E210EF95}.Release|iPhoneSimulator.Build.0 = Release|Any CPU
		{3987C3AE-DD46-4692-BE1B-F376E210EF95}.Release|x64.ActiveCfg = Release|Any CPU
		{3987C3AE-DD46-4692-BE1B-F376E210EF95}.Release|x64.Build.0 = Release|Any CPU
		{3987C3AE-DD46-4692-BE1B-F376E210EF95}.Release|x86.ActiveCfg = Release|Any CPU
		{3987C3AE-DD46-4692-BE1B-F376E210EF95}.Release|x86.Build.0 = Release|Any CPU
		{17839C73-F6C9-4AED-9534-FDF8D07673F7}.Debug|Any CPU.ActiveCfg = Debug|Any CPU
		{17839C73-F6C9-4AED-9534-FDF8D07673F7}.Debug|Any CPU.Build.0 = Debug|Any CPU
		{17839C73-F6C9-4AED-9534-FDF8D07673F7}.Debug|ARM.ActiveCfg = Debug|Any CPU
		{17839C73-F6C9-4AED-9534-FDF8D07673F7}.Debug|ARM.Build.0 = Debug|Any CPU
		{17839C73-F6C9-4AED-9534-FDF8D07673F7}.Debug|iPhone.ActiveCfg = Debug|Any CPU
		{17839C73-F6C9-4AED-9534-FDF8D07673F7}.Debug|iPhone.Build.0 = Debug|Any CPU
		{17839C73-F6C9-4AED-9534-FDF8D07673F7}.Debug|iPhoneSimulator.ActiveCfg = Debug|Any CPU
		{17839C73-F6C9-4AED-9534-FDF8D07673F7}.Debug|iPhoneSimulator.Build.0 = Debug|Any CPU
		{17839C73-F6C9-4AED-9534-FDF8D07673F7}.Debug|x64.ActiveCfg = Debug|Any CPU
		{17839C73-F6C9-4AED-9534-FDF8D07673F7}.Debug|x64.Build.0 = Debug|Any CPU
		{17839C73-F6C9-4AED-9534-FDF8D07673F7}.Debug|x86.ActiveCfg = Debug|Any CPU
		{17839C73-F6C9-4AED-9534-FDF8D07673F7}.Debug|x86.Build.0 = Debug|Any CPU
		{17839C73-F6C9-4AED-9534-FDF8D07673F7}.Release|Any CPU.ActiveCfg = Release|Any CPU
		{17839C73-F6C9-4AED-9534-FDF8D07673F7}.Release|Any CPU.Build.0 = Release|Any CPU
		{17839C73-F6C9-4AED-9534-FDF8D07673F7}.Release|ARM.ActiveCfg = Release|Any CPU
		{17839C73-F6C9-4AED-9534-FDF8D07673F7}.Release|ARM.Build.0 = Release|Any CPU
		{17839C73-F6C9-4AED-9534-FDF8D07673F7}.Release|iPhone.ActiveCfg = Release|Any CPU
		{17839C73-F6C9-4AED-9534-FDF8D07673F7}.Release|iPhone.Build.0 = Release|Any CPU
		{17839C73-F6C9-4AED-9534-FDF8D07673F7}.Release|iPhoneSimulator.ActiveCfg = Release|Any CPU
		{17839C73-F6C9-4AED-9534-FDF8D07673F7}.Release|iPhoneSimulator.Build.0 = Release|Any CPU
		{17839C73-F6C9-4AED-9534-FDF8D07673F7}.Release|x64.ActiveCfg = Release|Any CPU
		{17839C73-F6C9-4AED-9534-FDF8D07673F7}.Release|x64.Build.0 = Release|Any CPU
		{17839C73-F6C9-4AED-9534-FDF8D07673F7}.Release|x86.ActiveCfg = Release|Any CPU
		{17839C73-F6C9-4AED-9534-FDF8D07673F7}.Release|x86.Build.0 = Release|Any CPU
		{366D5E5B-CD9A-46C7-8E75-6541C3F6358F}.Debug|Any CPU.ActiveCfg = Debug|Any CPU
		{366D5E5B-CD9A-46C7-8E75-6541C3F6358F}.Debug|Any CPU.Build.0 = Debug|Any CPU
		{366D5E5B-CD9A-46C7-8E75-6541C3F6358F}.Debug|ARM.ActiveCfg = Debug|ARM
		{366D5E5B-CD9A-46C7-8E75-6541C3F6358F}.Debug|ARM.Build.0 = Debug|ARM
		{366D5E5B-CD9A-46C7-8E75-6541C3F6358F}.Debug|iPhone.ActiveCfg = Debug|Any CPU
		{366D5E5B-CD9A-46C7-8E75-6541C3F6358F}.Debug|iPhone.Build.0 = Debug|Any CPU
		{366D5E5B-CD9A-46C7-8E75-6541C3F6358F}.Debug|iPhoneSimulator.ActiveCfg = Debug|Any CPU
		{366D5E5B-CD9A-46C7-8E75-6541C3F6358F}.Debug|iPhoneSimulator.Build.0 = Debug|Any CPU
		{366D5E5B-CD9A-46C7-8E75-6541C3F6358F}.Debug|x64.ActiveCfg = Debug|x64
		{366D5E5B-CD9A-46C7-8E75-6541C3F6358F}.Debug|x64.Build.0 = Debug|x64
		{366D5E5B-CD9A-46C7-8E75-6541C3F6358F}.Debug|x86.ActiveCfg = Debug|x86
		{366D5E5B-CD9A-46C7-8E75-6541C3F6358F}.Debug|x86.Build.0 = Debug|x86
		{366D5E5B-CD9A-46C7-8E75-6541C3F6358F}.Release|Any CPU.ActiveCfg = Release|Any CPU
		{366D5E5B-CD9A-46C7-8E75-6541C3F6358F}.Release|Any CPU.Build.0 = Release|Any CPU
		{366D5E5B-CD9A-46C7-8E75-6541C3F6358F}.Release|ARM.ActiveCfg = Release|ARM
		{366D5E5B-CD9A-46C7-8E75-6541C3F6358F}.Release|ARM.Build.0 = Release|ARM
		{366D5E5B-CD9A-46C7-8E75-6541C3F6358F}.Release|iPhone.ActiveCfg = Release|Any CPU
		{366D5E5B-CD9A-46C7-8E75-6541C3F6358F}.Release|iPhone.Build.0 = Release|Any CPU
		{366D5E5B-CD9A-46C7-8E75-6541C3F6358F}.Release|iPhoneSimulator.ActiveCfg = Release|Any CPU
		{366D5E5B-CD9A-46C7-8E75-6541C3F6358F}.Release|iPhoneSimulator.Build.0 = Release|Any CPU
		{366D5E5B-CD9A-46C7-8E75-6541C3F6358F}.Release|x64.ActiveCfg = Release|x64
		{366D5E5B-CD9A-46C7-8E75-6541C3F6358F}.Release|x64.Build.0 = Release|x64
		{366D5E5B-CD9A-46C7-8E75-6541C3F6358F}.Release|x86.ActiveCfg = Release|x86
		{366D5E5B-CD9A-46C7-8E75-6541C3F6358F}.Release|x86.Build.0 = Release|x86
		{D06C7166-9838-4DCD-B84A-DCA40DAD70D4}.Debug|Any CPU.ActiveCfg = Debug|Any CPU
		{D06C7166-9838-4DCD-B84A-DCA40DAD70D4}.Debug|Any CPU.Build.0 = Debug|Any CPU
		{D06C7166-9838-4DCD-B84A-DCA40DAD70D4}.Debug|ARM.ActiveCfg = Debug|Any CPU
		{D06C7166-9838-4DCD-B84A-DCA40DAD70D4}.Debug|ARM.Build.0 = Debug|Any CPU
		{D06C7166-9838-4DCD-B84A-DCA40DAD70D4}.Debug|iPhone.ActiveCfg = Debug|Any CPU
		{D06C7166-9838-4DCD-B84A-DCA40DAD70D4}.Debug|iPhone.Build.0 = Debug|Any CPU
		{D06C7166-9838-4DCD-B84A-DCA40DAD70D4}.Debug|iPhoneSimulator.ActiveCfg = Debug|Any CPU
		{D06C7166-9838-4DCD-B84A-DCA40DAD70D4}.Debug|iPhoneSimulator.Build.0 = Debug|Any CPU
		{D06C7166-9838-4DCD-B84A-DCA40DAD70D4}.Debug|x64.ActiveCfg = Debug|Any CPU
		{D06C7166-9838-4DCD-B84A-DCA40DAD70D4}.Debug|x64.Build.0 = Debug|Any CPU
		{D06C7166-9838-4DCD-B84A-DCA40DAD70D4}.Debug|x86.ActiveCfg = Debug|Any CPU
		{D06C7166-9838-4DCD-B84A-DCA40DAD70D4}.Debug|x86.Build.0 = Debug|Any CPU
		{D06C7166-9838-4DCD-B84A-DCA40DAD70D4}.Release|Any CPU.ActiveCfg = Release|Any CPU
		{D06C7166-9838-4DCD-B84A-DCA40DAD70D4}.Release|Any CPU.Build.0 = Release|Any CPU
		{D06C7166-9838-4DCD-B84A-DCA40DAD70D4}.Release|ARM.ActiveCfg = Release|Any CPU
		{D06C7166-9838-4DCD-B84A-DCA40DAD70D4}.Release|ARM.Build.0 = Release|Any CPU
		{D06C7166-9838-4DCD-B84A-DCA40DAD70D4}.Release|iPhone.ActiveCfg = Release|Any CPU
		{D06C7166-9838-4DCD-B84A-DCA40DAD70D4}.Release|iPhone.Build.0 = Release|Any CPU
		{D06C7166-9838-4DCD-B84A-DCA40DAD70D4}.Release|iPhoneSimulator.ActiveCfg = Release|Any CPU
		{D06C7166-9838-4DCD-B84A-DCA40DAD70D4}.Release|iPhoneSimulator.Build.0 = Release|Any CPU
		{D06C7166-9838-4DCD-B84A-DCA40DAD70D4}.Release|x64.ActiveCfg = Release|Any CPU
		{D06C7166-9838-4DCD-B84A-DCA40DAD70D4}.Release|x64.Build.0 = Release|Any CPU
		{D06C7166-9838-4DCD-B84A-DCA40DAD70D4}.Release|x86.ActiveCfg = Release|Any CPU
		{D06C7166-9838-4DCD-B84A-DCA40DAD70D4}.Release|x86.Build.0 = Release|Any CPU
		{34B1A27E-B294-4B1C-AD1E-116610E64CFB}.Debug|Any CPU.ActiveCfg = Debug|Any CPU
		{34B1A27E-B294-4B1C-AD1E-116610E64CFB}.Debug|Any CPU.Build.0 = Debug|Any CPU
		{34B1A27E-B294-4B1C-AD1E-116610E64CFB}.Debug|ARM.ActiveCfg = Debug|Any CPU
		{34B1A27E-B294-4B1C-AD1E-116610E64CFB}.Debug|ARM.Build.0 = Debug|Any CPU
		{34B1A27E-B294-4B1C-AD1E-116610E64CFB}.Debug|iPhone.ActiveCfg = Debug|Any CPU
		{34B1A27E-B294-4B1C-AD1E-116610E64CFB}.Debug|iPhone.Build.0 = Debug|Any CPU
		{34B1A27E-B294-4B1C-AD1E-116610E64CFB}.Debug|iPhoneSimulator.ActiveCfg = Debug|Any CPU
		{34B1A27E-B294-4B1C-AD1E-116610E64CFB}.Debug|iPhoneSimulator.Build.0 = Debug|Any CPU
		{34B1A27E-B294-4B1C-AD1E-116610E64CFB}.Debug|x64.ActiveCfg = Debug|Any CPU
		{34B1A27E-B294-4B1C-AD1E-116610E64CFB}.Debug|x64.Build.0 = Debug|Any CPU
		{34B1A27E-B294-4B1C-AD1E-116610E64CFB}.Debug|x86.ActiveCfg = Debug|Any CPU
		{34B1A27E-B294-4B1C-AD1E-116610E64CFB}.Debug|x86.Build.0 = Debug|Any CPU
		{34B1A27E-B294-4B1C-AD1E-116610E64CFB}.Release|Any CPU.ActiveCfg = Release|Any CPU
		{34B1A27E-B294-4B1C-AD1E-116610E64CFB}.Release|Any CPU.Build.0 = Release|Any CPU
		{34B1A27E-B294-4B1C-AD1E-116610E64CFB}.Release|ARM.ActiveCfg = Release|Any CPU
		{34B1A27E-B294-4B1C-AD1E-116610E64CFB}.Release|ARM.Build.0 = Release|Any CPU
		{34B1A27E-B294-4B1C-AD1E-116610E64CFB}.Release|iPhone.ActiveCfg = Release|Any CPU
		{34B1A27E-B294-4B1C-AD1E-116610E64CFB}.Release|iPhone.Build.0 = Release|Any CPU
		{34B1A27E-B294-4B1C-AD1E-116610E64CFB}.Release|iPhoneSimulator.ActiveCfg = Release|Any CPU
		{34B1A27E-B294-4B1C-AD1E-116610E64CFB}.Release|iPhoneSimulator.Build.0 = Release|Any CPU
		{34B1A27E-B294-4B1C-AD1E-116610E64CFB}.Release|x64.ActiveCfg = Release|Any CPU
		{34B1A27E-B294-4B1C-AD1E-116610E64CFB}.Release|x64.Build.0 = Release|Any CPU
		{34B1A27E-B294-4B1C-AD1E-116610E64CFB}.Release|x86.ActiveCfg = Release|Any CPU
		{34B1A27E-B294-4B1C-AD1E-116610E64CFB}.Release|x86.Build.0 = Release|Any CPU
	EndGlobalSection
	GlobalSection(SolutionProperties) = preSolution
		HideSolutionNode = FALSE
	EndGlobalSection
	GlobalSection(ExtensibilityGlobals) = postSolution
		SolutionGuid = {5E6645C0-3153-456C-BB1B-101D2B03739F}
	EndGlobalSection
EndGlobal
