Microsoft Visual Studio Solution File, Format Version 12.00
# Visual Studio 15
VisualStudioVersion = 15.0.27004.2005
MinimumVisualStudioVersion = 10.0.40219.1
Project("{9A19103F-16F7-4668-BE54-9A1E7A4F7556}") = "Plugin.Logs.Abstraction", "src\Plugin.Logs.Abstraction\Plugin.Logs.Abstraction.csproj", "{3987C3AE-DD46-4692-BE1B-F376E210EF95}"
EndProject
Project("{FAE04EC0-301F-11D3-BF4B-00C04F79EFBC}") = "Plugin.Logs.iOSUnified", "src\Plugin.Logs.iOSUnified\Plugin.Logs.iOSUnified.csproj", "{17839C73-F6C9-4AED-9534-FDF8D07673F7}"
EndProject
Project("{2150E333-8FDC-42A3-9474-1A3956D46DE8}") = "Tests", "Tests", "{558AF220-5B0A-46B0-98B5-8BB0328DCB07}"
EndProject
Project("{FAE04EC0-301F-11D3-BF4B-00C04F79EFBC}") = "Plugin.Logs.iOSUnified.Test", "tests\Plugin.Logs.iOSUnified.Test\Plugin.Logs.iOSUnified.Test.csproj", "{48AC0023-1268-4399-A72A-C05F1C7603F1}"
EndProject
Project("{FAE04EC0-301F-11D3-BF4B-00C04F79EFBC}") = "Plugin.Logs.Net45", "src\Plugin.Logs.Net45\Plugin.Logs.Net45.csproj", "{DAFB4732-6806-4DF0-B588-8CA23B2A53C0}"
EndProject
Project("{FAE04EC0-301F-11D3-BF4B-00C04F79EFBC}") = "Plugin.Logs.Droid.Test", "tests\Plugin.Logs.Droid.Test\Plugin.Logs.Droid.Test.csproj", "{8E44BD1B-7CF3-47A7-8620-D4F743C06FCF}"
EndProject
Project("{9A19103F-16F7-4668-BE54-9A1E7A4F7556}") = "Plug.Logs.NetStandard", "src\Plug.Logs.NetStandard\Plug.Logs.NetStandard.csproj", "{D6BEE78B-2C97-40C9-8208-C9D6CCEE4B0F}"
EndProject
Project("{FAE04EC0-301F-11D3-BF4B-00C04F79EFBC}") = "Plugin.Logs.Droid", "src\Plugin.Logs.Droid\Plugin.Logs.Droid.csproj", "{D06C7166-9838-4DCD-B84A-DCA40DAD70D4}"
EndProject
Global
	GlobalSection(SolutionConfigurationPlatforms) = preSolution
		Debug|Any CPU = Debug|Any CPU
		Debug|ARM = Debug|ARM
		Debug|iPhone = Debug|iPhone
		Debug|iPhoneSimulator = Debug|iPhoneSimulator
		Debug|x64 = Debug|x64
		Debug|x86 = Debug|x86
		Release|Any CPU = Release|Any CPU
		Release|ARM = Release|ARM
		Release|iPhone = Release|iPhone
		Release|iPhoneSimulator = Release|iPhoneSimulator
		Release|x64 = Release|x64
		Release|x86 = Release|x86
	EndGlobalSection
	GlobalSection(ProjectConfigurationPlatforms) = postSolution
		{3987C3AE-DD46-4692-BE1B-F376E210EF95}.Debug|Any CPU.ActiveCfg = Debug|Any CPU
		{3987C3AE-DD46-4692-BE1B-F376E210EF95}.Debug|Any CPU.Build.0 = Debug|Any CPU
		{3987C3AE-DD46-4692-BE1B-F376E210EF95}.Debug|ARM.ActiveCfg = Debug|Any CPU
		{3987C3AE-DD46-4692-BE1B-F376E210EF95}.Debug|ARM.Build.0 = Debug|Any CPU
		{3987C3AE-DD46-4692-BE1B-F376E210EF95}.Debug|iPhone.ActiveCfg = Debug|Any CPU
		{3987C3AE-DD46-4692-BE1B-F376E210EF95}.Debug|iPhone.Build.0 = Debug|Any CPU
		{3987C3AE-DD46-4692-BE1B-F376E210EF95}.Debug|iPhoneSimulator.ActiveCfg = Debug|Any CPU
		{3987C3AE-DD46-4692-BE1B-F376E210EF95}.Debug|iPhoneSimulator.Build.0 = Debug|Any CPU
		{3987C3AE-DD46-4692-BE1B-F376E210EF95}.Debug|x64.ActiveCfg = Debug|Any CPU
		{3987C3AE-DD46-4692-BE1B-F376E210EF95}.Debug|x64.Build.0 = Debug|Any CPU
		{3987C3AE-DD46-4692-BE1B-F376E210EF95}.Debug|x86.ActiveCfg = Debug|Any CPU
		{3987C3AE-DD46-4692-BE1B-F376E210EF95}.Debug|x86.Build.0 = Debug|Any CPU
		{3987C3AE-DD46-4692-BE1B-F376E210EF95}.Release|Any CPU.ActiveCfg = Release|Any CPU
		{3987C3AE-DD46-4692-BE1B-F376E210EF95}.Release|Any CPU.Build.0 = Release|Any CPU
		{3987C3AE-DD46-4692-BE1B-F376E210EF95}.Release|ARM.ActiveCfg = Release|Any CPU
		{3987C3AE-DD46-4692-BE1B-F376E210EF95}.Release|ARM.Build.0 = Release|Any CPU
		{3987C3AE-DD46-4692-BE1B-F376E210EF95}.Release|iPhone.ActiveCfg = Release|Any CPU
		{3987C3AE-DD46-4692-BE1B-F376E210EF95}.Release|iPhone.Build.0 = Release|Any CPU
		{3987C3AE-DD46-4692-BE1B-F376E210EF95}.Release|iPhoneSimulator.ActiveCfg = Release|Any CPU
		{3987C3AE-DD46-4692-BE1B-F376E210EF95}.Release|iPhoneSimulator.Build.0 = Release|Any CPU
		{3987C3AE-DD46-4692-BE1B-F376E210EF95}.Release|x64.ActiveCfg = Release|Any CPU
		{3987C3AE-DD46-4692-BE1B-F376E210EF95}.Release|x64.Build.0 = Release|Any CPU
		{3987C3AE-DD46-4692-BE1B-F376E210EF95}.Release|x86.ActiveCfg = Release|Any CPU
		{3987C3AE-DD46-4692-BE1B-F376E210EF95}.Release|x86.Build.0 = Release|Any CPU
		{17839C73-F6C9-4AED-9534-FDF8D07673F7}.Debug|Any CPU.ActiveCfg = Debug|Any CPU
		{17839C73-F6C9-4AED-9534-FDF8D07673F7}.Debug|Any CPU.Build.0 = Debug|Any CPU
		{17839C73-F6C9-4AED-9534-FDF8D07673F7}.Debug|ARM.ActiveCfg = Debug|Any CPU
		{17839C73-F6C9-4AED-9534-FDF8D07673F7}.Debug|ARM.Build.0 = Debug|Any CPU
		{17839C73-F6C9-4AED-9534-FDF8D07673F7}.Debug|iPhone.ActiveCfg = Debug|Any CPU
		{17839C73-F6C9-4AED-9534-FDF8D07673F7}.Debug|iPhone.Build.0 = Debug|Any CPU
		{17839C73-F6C9-4AED-9534-FDF8D07673F7}.Debug|iPhoneSimulator.ActiveCfg = Debug|Any CPU
		{17839C73-F6C9-4AED-9534-FDF8D07673F7}.Debug|iPhoneSimulator.Build.0 = Debug|Any CPU
		{17839C73-F6C9-4AED-9534-FDF8D07673F7}.Debug|x64.ActiveCfg = Debug|Any CPU
		{17839C73-F6C9-4AED-9534-FDF8D07673F7}.Debug|x64.Build.0 = Debug|Any CPU
		{17839C73-F6C9-4AED-9534-FDF8D07673F7}.Debug|x86.ActiveCfg = Debug|Any CPU
		{17839C73-F6C9-4AED-9534-FDF8D07673F7}.Debug|x86.Build.0 = Debug|Any CPU
		{17839C73-F6C9-4AED-9534-FDF8D07673F7}.Release|Any CPU.ActiveCfg = Release|Any CPU
		{17839C73-F6C9-4AED-9534-FDF8D07673F7}.Release|Any CPU.Build.0 = Release|Any CPU
		{17839C73-F6C9-4AED-9534-FDF8D07673F7}.Release|ARM.ActiveCfg = Release|Any CPU
		{17839C73-F6C9-4AED-9534-FDF8D07673F7}.Release|ARM.Build.0 = Release|Any CPU
		{17839C73-F6C9-4AED-9534-FDF8D07673F7}.Release|iPhone.ActiveCfg = Release|Any CPU
		{17839C73-F6C9-4AED-9534-FDF8D07673F7}.Release|iPhone.Build.0 = Release|Any CPU
		{17839C73-F6C9-4AED-9534-FDF8D07673F7}.Release|iPhoneSimulator.ActiveCfg = Release|Any CPU
		{17839C73-F6C9-4AED-9534-FDF8D07673F7}.Release|iPhoneSimulator.Build.0 = Release|Any CPU
		{17839C73-F6C9-4AED-9534-FDF8D07673F7}.Release|x64.ActiveCfg = Release|Any CPU
		{17839C73-F6C9-4AED-9534-FDF8D07673F7}.Release|x64.Build.0 = Release|Any CPU
		{17839C73-F6C9-4AED-9534-FDF8D07673F7}.Release|x86.ActiveCfg = Release|Any CPU
		{17839C73-F6C9-4AED-9534-FDF8D07673F7}.Release|x86.Build.0 = Release|Any CPU
		{48AC0023-1268-4399-A72A-C05F1C7603F1}.Debug|Any CPU.ActiveCfg = Debug|iPhoneSimulator
		{48AC0023-1268-4399-A72A-C05F1C7603F1}.Debug|Any CPU.Build.0 = Debug|iPhoneSimulator
		{48AC0023-1268-4399-A72A-C05F1C7603F1}.Debug|ARM.ActiveCfg = Debug|iPhone
		{48AC0023-1268-4399-A72A-C05F1C7603F1}.Debug|iPhone.ActiveCfg = Debug|iPhone
		{48AC0023-1268-4399-A72A-C05F1C7603F1}.Debug|iPhone.Build.0 = Debug|iPhone
		{48AC0023-1268-4399-A72A-C05F1C7603F1}.Debug|iPhoneSimulator.ActiveCfg = Debug|iPhoneSimulator
		{48AC0023-1268-4399-A72A-C05F1C7603F1}.Debug|iPhoneSimulator.Build.0 = Debug|iPhoneSimulator
		{48AC0023-1268-4399-A72A-C05F1C7603F1}.Debug|x64.ActiveCfg = Debug|iPhone
		{48AC0023-1268-4399-A72A-C05F1C7603F1}.Debug|x86.ActiveCfg = Debug|iPhone
		{48AC0023-1268-4399-A72A-C05F1C7603F1}.Release|Any CPU.ActiveCfg = Release|iPhone
		{48AC0023-1268-4399-A72A-C05F1C7603F1}.Release|Any CPU.Build.0 = Release|iPhone
		{48AC0023-1268-4399-A72A-C05F1C7603F1}.Release|ARM.ActiveCfg = Release|iPhoneSimulator
		{48AC0023-1268-4399-A72A-C05F1C7603F1}.Release|iPhone.ActiveCfg = Release|iPhone
		{48AC0023-1268-4399-A72A-C05F1C7603F1}.Release|iPhone.Build.0 = Release|iPhone
		{48AC0023-1268-4399-A72A-C05F1C7603F1}.Release|iPhoneSimulator.ActiveCfg = Release|iPhoneSimulator
		{48AC0023-1268-4399-A72A-C05F1C7603F1}.Release|iPhoneSimulator.Build.0 = Release|iPhoneSimulator
		{48AC0023-1268-4399-A72A-C05F1C7603F1}.Release|x64.ActiveCfg = Release|iPhoneSimulator
		{48AC0023-1268-4399-A72A-C05F1C7603F1}.Release|x86.ActiveCfg = Release|iPhoneSimulator
		{DAFB4732-6806-4DF0-B588-8CA23B2A53C0}.Debug|Any CPU.ActiveCfg = Debug|Any CPU
		{DAFB4732-6806-4DF0-B588-8CA23B2A53C0}.Debug|Any CPU.Build.0 = Debug|Any CPU
		{DAFB4732-6806-4DF0-B588-8CA23B2A53C0}.Debug|ARM.ActiveCfg = Debug|Any CPU
		{DAFB4732-6806-4DF0-B588-8CA23B2A53C0}.Debug|ARM.Build.0 = Debug|Any CPU
		{DAFB4732-6806-4DF0-B588-8CA23B2A53C0}.Debug|iPhone.ActiveCfg = Debug|Any CPU
		{DAFB4732-6806-4DF0-B588-8CA23B2A53C0}.Debug|iPhone.Build.0 = Debug|Any CPU
		{DAFB4732-6806-4DF0-B588-8CA23B2A53C0}.Debug|iPhoneSimulator.ActiveCfg = Debug|Any CPU
		{DAFB4732-6806-4DF0-B588-8CA23B2A53C0}.Debug|iPhoneSimulator.Build.0 = Debug|Any CPU
		{DAFB4732-6806-4DF0-B588-8CA23B2A53C0}.Debug|x64.ActiveCfg = Debug|Any CPU
		{DAFB4732-6806-4DF0-B588-8CA23B2A53C0}.Debug|x64.Build.0 = Debug|Any CPU
		{DAFB4732-6806-4DF0-B588-8CA23B2A53C0}.Debug|x86.ActiveCfg = Debug|Any CPU
		{DAFB4732-6806-4DF0-B588-8CA23B2A53C0}.Debug|x86.Build.0 = Debug|Any CPU
		{DAFB4732-6806-4DF0-B588-8CA23B2A53C0}.Release|Any CPU.ActiveCfg = Release|Any CPU
		{DAFB4732-6806-4DF0-B588-8CA23B2A53C0}.Release|Any CPU.Build.0 = Release|Any CPU
		{DAFB4732-6806-4DF0-B588-8CA23B2A53C0}.Release|ARM.ActiveCfg = Release|Any CPU
		{DAFB4732-6806-4DF0-B588-8CA23B2A53C0}.Release|ARM.Build.0 = Release|Any CPU
		{DAFB4732-6806-4DF0-B588-8CA23B2A53C0}.Release|iPhone.ActiveCfg = Release|Any CPU
		{DAFB4732-6806-4DF0-B588-8CA23B2A53C0}.Release|iPhone.Build.0 = Release|Any CPU
		{DAFB4732-6806-4DF0-B588-8CA23B2A53C0}.Release|iPhoneSimulator.ActiveCfg = Release|Any CPU
		{DAFB4732-6806-4DF0-B588-8CA23B2A53C0}.Release|iPhoneSimulator.Build.0 = Release|Any CPU
		{DAFB4732-6806-4DF0-B588-8CA23B2A53C0}.Release|x64.ActiveCfg = Release|Any CPU
		{DAFB4732-6806-4DF0-B588-8CA23B2A53C0}.Release|x64.Build.0 = Release|Any CPU
		{DAFB4732-6806-4DF0-B588-8CA23B2A53C0}.Release|x86.ActiveCfg = Release|Any CPU
		{DAFB4732-6806-4DF0-B588-8CA23B2A53C0}.Release|x86.Build.0 = Release|Any CPU
		{8E44BD1B-7CF3-47A7-8620-D4F743C06FCF}.Debug|Any CPU.ActiveCfg = Debug|Any CPU
		{8E44BD1B-7CF3-47A7-8620-D4F743C06FCF}.Debug|Any CPU.Build.0 = Debug|Any CPU
		{8E44BD1B-7CF3-47A7-8620-D4F743C06FCF}.Debug|Any CPU.Deploy.0 = Debug|Any CPU
		{8E44BD1B-7CF3-47A7-8620-D4F743C06FCF}.Debug|ARM.ActiveCfg = Debug|Any CPU
		{8E44BD1B-7CF3-47A7-8620-D4F743C06FCF}.Debug|ARM.Build.0 = Debug|Any CPU
		{8E44BD1B-7CF3-47A7-8620-D4F743C06FCF}.Debug|ARM.Deploy.0 = Debug|Any CPU
		{8E44BD1B-7CF3-47A7-8620-D4F743C06FCF}.Debug|iPhone.ActiveCfg = Debug|Any CPU
		{8E44BD1B-7CF3-47A7-8620-D4F743C06FCF}.Debug|iPhone.Build.0 = Debug|Any CPU
		{8E44BD1B-7CF3-47A7-8620-D4F743C06FCF}.Debug|iPhone.Deploy.0 = Debug|Any CPU
		{8E44BD1B-7CF3-47A7-8620-D4F743C06FCF}.Debug|iPhoneSimulator.ActiveCfg = Debug|Any CPU
		{8E44BD1B-7CF3-47A7-8620-D4F743C06FCF}.Debug|iPhoneSimulator.Build.0 = Debug|Any CPU
		{8E44BD1B-7CF3-47A7-8620-D4F743C06FCF}.Debug|iPhoneSimulator.Deploy.0 = Debug|Any CPU
		{8E44BD1B-7CF3-47A7-8620-D4F743C06FCF}.Debug|x64.ActiveCfg = Debug|Any CPU
		{8E44BD1B-7CF3-47A7-8620-D4F743C06FCF}.Debug|x64.Build.0 = Debug|Any CPU
		{8E44BD1B-7CF3-47A7-8620-D4F743C06FCF}.Debug|x64.Deploy.0 = Debug|Any CPU
		{8E44BD1B-7CF3-47A7-8620-D4F743C06FCF}.Debug|x86.ActiveCfg = Debug|Any CPU
		{8E44BD1B-7CF3-47A7-8620-D4F743C06FCF}.Debug|x86.Build.0 = Debug|Any CPU
		{8E44BD1B-7CF3-47A7-8620-D4F743C06FCF}.Debug|x86.Deploy.0 = Debug|Any CPU
		{8E44BD1B-7CF3-47A7-8620-D4F743C06FCF}.Release|Any CPU.ActiveCfg = Release|Any CPU
		{8E44BD1B-7CF3-47A7-8620-D4F743C06FCF}.Release|Any CPU.Build.0 = Release|Any CPU
		{8E44BD1B-7CF3-47A7-8620-D4F743C06FCF}.Release|Any CPU.Deploy.0 = Release|Any CPU
		{8E44BD1B-7CF3-47A7-8620-D4F743C06FCF}.Release|ARM.ActiveCfg = Release|Any CPU
		{8E44BD1B-7CF3-47A7-8620-D4F743C06FCF}.Release|ARM.Build.0 = Release|Any CPU
		{8E44BD1B-7CF3-47A7-8620-D4F743C06FCF}.Release|ARM.Deploy.0 = Release|Any CPU
		{8E44BD1B-7CF3-47A7-8620-D4F743C06FCF}.Release|iPhone.ActiveCfg = Release|Any CPU
		{8E44BD1B-7CF3-47A7-8620-D4F743C06FCF}.Release|iPhone.Build.0 = Release|Any CPU
		{8E44BD1B-7CF3-47A7-8620-D4F743C06FCF}.Release|iPhone.Deploy.0 = Release|Any CPU
		{8E44BD1B-7CF3-47A7-8620-D4F743C06FCF}.Release|iPhoneSimulator.ActiveCfg = Release|Any CPU
		{8E44BD1B-7CF3-47A7-8620-D4F743C06FCF}.Release|iPhoneSimulator.Build.0 = Release|Any CPU
		{8E44BD1B-7CF3-47A7-8620-D4F743C06FCF}.Release|iPhoneSimulator.Deploy.0 = Release|Any CPU
		{8E44BD1B-7CF3-47A7-8620-D4F743C06FCF}.Release|x64.ActiveCfg = Release|Any CPU
		{8E44BD1B-7CF3-47A7-8620-D4F743C06FCF}.Release|x64.Build.0 = Release|Any CPU
		{8E44BD1B-7CF3-47A7-8620-D4F743C06FCF}.Release|x64.Deploy.0 = Release|Any CPU
		{8E44BD1B-7CF3-47A7-8620-D4F743C06FCF}.Release|x86.ActiveCfg = Release|Any CPU
		{8E44BD1B-7CF3-47A7-8620-D4F743C06FCF}.Release|x86.Build.0 = Release|Any CPU
		{8E44BD1B-7CF3-47A7-8620-D4F743C06FCF}.Release|x86.Deploy.0 = Release|Any CPU
		{D6BEE78B-2C97-40C9-8208-C9D6CCEE4B0F}.Debug|Any CPU.ActiveCfg = Debug|Any CPU
		{D6BEE78B-2C97-40C9-8208-C9D6CCEE4B0F}.Debug|Any CPU.Build.0 = Debug|Any CPU
		{D6BEE78B-2C97-40C9-8208-C9D6CCEE4B0F}.Debug|ARM.ActiveCfg = Debug|Any CPU
		{D6BEE78B-2C97-40C9-8208-C9D6CCEE4B0F}.Debug|ARM.Build.0 = Debug|Any CPU
		{D6BEE78B-2C97-40C9-8208-C9D6CCEE4B0F}.Debug|iPhone.ActiveCfg = Debug|Any CPU
		{D6BEE78B-2C97-40C9-8208-C9D6CCEE4B0F}.Debug|iPhone.Build.0 = Debug|Any CPU
		{D6BEE78B-2C97-40C9-8208-C9D6CCEE4B0F}.Debug|iPhoneSimulator.ActiveCfg = Debug|Any CPU
		{D6BEE78B-2C97-40C9-8208-C9D6CCEE4B0F}.Debug|iPhoneSimulator.Build.0 = Debug|Any CPU
		{D6BEE78B-2C97-40C9-8208-C9D6CCEE4B0F}.Debug|x64.ActiveCfg = Debug|Any CPU
		{D6BEE78B-2C97-40C9-8208-C9D6CCEE4B0F}.Debug|x64.Build.0 = Debug|Any CPU
		{D6BEE78B-2C97-40C9-8208-C9D6CCEE4B0F}.Debug|x86.ActiveCfg = Debug|Any CPU
		{D6BEE78B-2C97-40C9-8208-C9D6CCEE4B0F}.Debug|x86.Build.0 = Debug|Any CPU
		{D6BEE78B-2C97-40C9-8208-C9D6CCEE4B0F}.Release|Any CPU.ActiveCfg = Release|Any CPU
		{D6BEE78B-2C97-40C9-8208-C9D6CCEE4B0F}.Release|Any CPU.Build.0 = Release|Any CPU
		{D6BEE78B-2C97-40C9-8208-C9D6CCEE4B0F}.Release|ARM.ActiveCfg = Release|Any CPU
		{D6BEE78B-2C97-40C9-8208-C9D6CCEE4B0F}.Release|ARM.Build.0 = Release|Any CPU
		{D6BEE78B-2C97-40C9-8208-C9D6CCEE4B0F}.Release|iPhone.ActiveCfg = Release|Any CPU
		{D6BEE78B-2C97-40C9-8208-C9D6CCEE4B0F}.Release|iPhone.Build.0 = Release|Any CPU
		{D6BEE78B-2C97-40C9-8208-C9D6CCEE4B0F}.Release|iPhoneSimulator.ActiveCfg = Release|Any CPU
		{D6BEE78B-2C97-40C9-8208-C9D6CCEE4B0F}.Release|iPhoneSimulator.Build.0 = Release|Any CPU
		{D6BEE78B-2C97-40C9-8208-C9D6CCEE4B0F}.Release|x64.ActiveCfg = Release|Any CPU
		{D6BEE78B-2C97-40C9-8208-C9D6CCEE4B0F}.Release|x64.Build.0 = Release|Any CPU
		{D6BEE78B-2C97-40C9-8208-C9D6CCEE4B0F}.Release|x86.ActiveCfg = Release|Any CPU
		{D6BEE78B-2C97-40C9-8208-C9D6CCEE4B0F}.Release|x86.Build.0 = Release|Any CPU
		{D06C7166-9838-4DCD-B84A-DCA40DAD70D4}.Debug|Any CPU.ActiveCfg = Debug|Any CPU
		{D06C7166-9838-4DCD-B84A-DCA40DAD70D4}.Debug|Any CPU.Build.0 = Debug|Any CPU
		{D06C7166-9838-4DCD-B84A-DCA40DAD70D4}.Debug|ARM.ActiveCfg = Debug|Any CPU
		{D06C7166-9838-4DCD-B84A-DCA40DAD70D4}.Debug|ARM.Build.0 = Debug|Any CPU
		{D06C7166-9838-4DCD-B84A-DCA40DAD70D4}.Debug|iPhone.ActiveCfg = Debug|Any CPU
		{D06C7166-9838-4DCD-B84A-DCA40DAD70D4}.Debug|iPhone.Build.0 = Debug|Any CPU
		{D06C7166-9838-4DCD-B84A-DCA40DAD70D4}.Debug|iPhoneSimulator.ActiveCfg = Debug|Any CPU
		{D06C7166-9838-4DCD-B84A-DCA40DAD70D4}.Debug|iPhoneSimulator.Build.0 = Debug|Any CPU
		{D06C7166-9838-4DCD-B84A-DCA40DAD70D4}.Debug|x64.ActiveCfg = Debug|Any CPU
		{D06C7166-9838-4DCD-B84A-DCA40DAD70D4}.Debug|x64.Build.0 = Debug|Any CPU
		{D06C7166-9838-4DCD-B84A-DCA40DAD70D4}.Debug|x86.ActiveCfg = Debug|Any CPU
		{D06C7166-9838-4DCD-B84A-DCA40DAD70D4}.Debug|x86.Build.0 = Debug|Any CPU
		{D06C7166-9838-4DCD-B84A-DCA40DAD70D4}.Release|Any CPU.ActiveCfg = Release|Any CPU
		{D06C7166-9838-4DCD-B84A-DCA40DAD70D4}.Release|Any CPU.Build.0 = Release|Any CPU
		{D06C7166-9838-4DCD-B84A-DCA40DAD70D4}.Release|ARM.ActiveCfg = Release|Any CPU
		{D06C7166-9838-4DCD-B84A-DCA40DAD70D4}.Release|ARM.Build.0 = Release|Any CPU
		{D06C7166-9838-4DCD-B84A-DCA40DAD70D4}.Release|iPhone.ActiveCfg = Release|Any CPU
		{D06C7166-9838-4DCD-B84A-DCA40DAD70D4}.Release|iPhone.Build.0 = Release|Any CPU
		{D06C7166-9838-4DCD-B84A-DCA40DAD70D4}.Release|iPhoneSimulator.ActiveCfg = Release|Any CPU
		{D06C7166-9838-4DCD-B84A-DCA40DAD70D4}.Release|iPhoneSimulator.Build.0 = Release|Any CPU
		{D06C7166-9838-4DCD-B84A-DCA40DAD70D4}.Release|x64.ActiveCfg = Release|Any CPU
		{D06C7166-9838-4DCD-B84A-DCA40DAD70D4}.Release|x64.Build.0 = Release|Any CPU
		{D06C7166-9838-4DCD-B84A-DCA40DAD70D4}.Release|x86.ActiveCfg = Release|Any CPU
		{D06C7166-9838-4DCD-B84A-DCA40DAD70D4}.Release|x86.Build.0 = Release|Any CPU
	EndGlobalSection
	GlobalSection(SolutionProperties) = preSolution
		HideSolutionNode = FALSE
	EndGlobalSection
	GlobalSection(NestedProjects) = preSolution
		{48AC0023-1268-4399-A72A-C05F1C7603F1} = {558AF220-5B0A-46B0-98B5-8BB0328DCB07}
		{8E44BD1B-7CF3-47A7-8620-D4F743C06FCF} = {558AF220-5B0A-46B0-98B5-8BB0328DCB07}
	EndGlobalSection
	GlobalSection(ExtensibilityGlobals) = postSolution
		SolutionGuid = {2377812E-3627-4BB2-AD21-4A874B4631C0}
	EndGlobalSection
EndGlobal
